{
    "_readme": [
        "This file locks the dependencies of your project to a known state",
        "Read more about it at https://getcomposer.org/doc/01-basic-usage.md#installing-dependencies",
        "This file is @generated automatically"
    ],
    "content-hash": "8bfd65e40a5cdb06086b7d881003d13a",
    "packages": [
        {
            "name": "laminas-api-tools/api-tools-configuration",
            "version": "1.3.3",
            "source": {
                "type": "git",
                "url": "https://github.com/laminas-api-tools/api-tools-configuration.git",
                "reference": "3f5b52fd2c0cc0075bea2bbfc13c426f662db0a3"
            },
            "dist": {
                "type": "zip",
                "url": "https://api.github.com/repos/laminas-api-tools/api-tools-configuration/zipball/3f5b52fd2c0cc0075bea2bbfc13c426f662db0a3",
                "reference": "3f5b52fd2c0cc0075bea2bbfc13c426f662db0a3",
                "shasum": ""
            },
            "require": {
                "laminas/laminas-config": "^2.6 || ^3.0",
                "laminas/laminas-modulemanager": "^2.7.1",
                "laminas/laminas-stdlib": "^2.7.7 || ^3.0.1",
                "laminas/laminas-zendframework-bridge": "^1.0",
                "php": "^5.6 || ^7.0"
            },
            "replace": {
                "zfcampus/zf-configuration": "self.version"
            },
            "require-dev": {
                "container-interop/container-interop": "^1.1",
                "laminas/laminas-coding-standard": "~1.0.0",
                "phpunit/phpunit": "^5.7.27 || ^6.5.8 || ^7.1.5"
            },
            "type": "library",
            "extra": {
                "branch-alias": {
                    "dev-master": "1.3.x-dev",
                    "dev-develop": "1.4.x-dev"
                },
                "laminas": {
                    "module": "Laminas\\ApiTools\\Configuration"
                }
            },
            "autoload": {
                "psr-4": {
                    "Laminas\\ApiTools\\Configuration\\": "src/"
                }
            },
            "notification-url": "https://packagist.org/downloads/",
            "license": [
                "BSD-3-Clause"
            ],
            "description": "Laminas module providing a REST resource for manipulating configuration",
            "homepage": "https://api-tools.getlaminas.org",
            "keywords": [
                "api-tools",
                "config",
                "laminas",
                "module",
                "rest"
            ],
            "time": "2019-12-31T15:55:49+00:00"
        },
        {
            "name": "laminas-api-tools/statuslib-example",
            "version": "1.2.0",
            "source": {
                "type": "git",
                "url": "https://github.com/laminas-api-tools/statuslib-example.git",
                "reference": "2f28daf02cb163eab472554e6cf1757457f565fc"
            },
            "dist": {
                "type": "zip",
                "url": "https://api.github.com/repos/laminas-api-tools/statuslib-example/zipball/2f28daf02cb163eab472554e6cf1757457f565fc",
                "reference": "2f28daf02cb163eab472554e6cf1757457f565fc",
                "shasum": ""
            },
            "require": {
                "laminas-api-tools/api-tools-configuration": "^1.0",
                "laminas/laminas-config": "^3.1",
                "laminas/laminas-db": "^2.8.2",
                "laminas/laminas-hydrator": "^1.1 || ^2.0 || ^3.0",
                "laminas/laminas-paginator": "^2.7",
                "laminas/laminas-stdlib": "^2.7.7 || ^3.0.1",
                "laminas/laminas-zendframework-bridge": "^1.0",
                "php": "^5.6 || ^7.0",
                "ramsey/uuid": "^2.8"
            },
            "replace": {
                "zfcampus/statuslib-example": "self.version"
            },
            "type": "library",
            "extra": {
                "branch-alias": {
                    "dev-master": "1.1-dev"
                },
                "laminas": {
                    "module": "StatusLib"
                }
            },
            "autoload": {
                "psr-4": {
                    "StatusLib\\": "src/"
                }
            },
            "notification-url": "https://packagist.org/downloads/",
            "license": [
                "BSD-3-Clause"
            ],
            "description": "Library for use with Laminas API Tools documentation examples",
            "homepage": "https://api-tools.getlaminas.org",
            "keywords": [
                "api-tools",
                "framework",
                "laminas"
            ],
            "time": "2019-12-31T16:02:39+00:00"
        },
        {
            "name": "laminas/laminas-config",
            "version": "3.3.0",
            "source": {
                "type": "git",
                "url": "https://github.com/laminas/laminas-config.git",
                "reference": "b8fe057f55e69a0e7a2e4ced79218a43f58606a8"
            },
            "dist": {
                "type": "zip",
                "url": "https://api.github.com/repos/laminas/laminas-config/zipball/b8fe057f55e69a0e7a2e4ced79218a43f58606a8",
                "reference": "b8fe057f55e69a0e7a2e4ced79218a43f58606a8",
                "shasum": ""
            },
            "require": {
                "ext-json": "*",
                "laminas/laminas-stdlib": "^2.7.7 || ^3.1",
                "laminas/laminas-zendframework-bridge": "^1.0",
                "php": "^5.6 || ^7.0",
                "psr/container": "^1.0"
            },
            "conflict": {
                "container-interop/container-interop": "<1.2.0"
            },
            "replace": {
                "zendframework/zend-config": "self.version"
            },
            "require-dev": {
                "laminas/laminas-coding-standard": "~1.0.0",
                "laminas/laminas-filter": "^2.7.2",
                "laminas/laminas-i18n": "^2.7.4",
                "laminas/laminas-servicemanager": "^2.7.8 || ^3.3",
                "malukenho/docheader": "^0.1.6",
                "phpunit/phpunit": "^5.7.27 || ^6.5.8 || ^7.1.2"
            },
            "suggest": {
                "laminas/laminas-filter": "^2.7.2; install if you want to use the Filter processor",
                "laminas/laminas-i18n": "^2.7.4; install if you want to use the Translator processor",
                "laminas/laminas-servicemanager": "^2.7.8 || ^3.3; if you need an extensible plugin manager for use with the Config Factory"
            },
            "type": "library",
            "extra": {
                "branch-alias": {
                    "dev-master": "3.3.x-dev",
                    "dev-develop": "3.4.x-dev"
                }
            },
            "autoload": {
                "psr-4": {
                    "Laminas\\Config\\": "src/"
                }
            },
            "notification-url": "https://packagist.org/downloads/",
            "license": [
                "BSD-3-Clause"
            ],
            "description": "provides a nested object property based user interface for accessing this configuration data within application code",
            "homepage": "https://laminas.dev",
            "keywords": [
                "config",
                "laminas"
            ],
            "time": "2019-12-31T16:30:11+00:00"
        },
        {
            "name": "laminas/laminas-db",
            "version": "2.11.2",
            "source": {
                "type": "git",
                "url": "https://github.com/laminas/laminas-db.git",
                "reference": "76f9527da996c2fef32ef1f3a939e18ca5e9d962"
            },
            "dist": {
                "type": "zip",
                "url": "https://api.github.com/repos/laminas/laminas-db/zipball/76f9527da996c2fef32ef1f3a939e18ca5e9d962",
                "reference": "76f9527da996c2fef32ef1f3a939e18ca5e9d962",
                "shasum": ""
            },
            "require": {
                "laminas/laminas-stdlib": "^2.7 || ^3.0",
                "laminas/laminas-zendframework-bridge": "^1.0",
                "php": "^5.6 || ^7.0"
            },
            "replace": {
                "zendframework/zend-db": "self.version"
            },
            "require-dev": {
                "laminas/laminas-coding-standard": "~1.0.0",
                "laminas/laminas-eventmanager": "^2.6.2 || ^3.0",
                "laminas/laminas-hydrator": "^1.1 || ^2.1 || ^3.0",
                "laminas/laminas-servicemanager": "^2.7.5 || ^3.0.3",
                "phpunit/phpunit": "^5.7.27 || ^6.5.14"
            },
            "suggest": {
                "laminas/laminas-eventmanager": "Laminas\\EventManager component",
                "laminas/laminas-hydrator": "Laminas\\Hydrator component for using HydratingResultSets",
                "laminas/laminas-servicemanager": "Laminas\\ServiceManager component"
            },
            "type": "library",
            "extra": {
                "branch-alias": {
                    "dev-master": "2.11.x-dev",
                    "dev-develop": "2.12.x-dev"
                },
                "laminas": {
                    "component": "Laminas\\Db",
                    "config-provider": "Laminas\\Db\\ConfigProvider"
                }
            },
            "autoload": {
                "psr-4": {
                    "Laminas\\Db\\": "src/"
                }
            },
            "notification-url": "https://packagist.org/downloads/",
            "license": [
                "BSD-3-Clause"
            ],
            "description": "Database abstraction layer, SQL abstraction, result set abstraction, and RowDataGateway and TableDataGateway implementations",
            "homepage": "https://laminas.dev",
            "keywords": [
                "db",
                "laminas"
            ],
            "time": "2020-01-14T13:07:26+00:00"
        },
        {
            "name": "laminas/laminas-eventmanager",
            "version": "3.2.1",
            "source": {
                "type": "git",
                "url": "https://github.com/laminas/laminas-eventmanager.git",
                "reference": "ce4dc0bdf3b14b7f9815775af9dfee80a63b4748"
            },
            "dist": {
                "type": "zip",
                "url": "https://api.github.com/repos/laminas/laminas-eventmanager/zipball/ce4dc0bdf3b14b7f9815775af9dfee80a63b4748",
                "reference": "ce4dc0bdf3b14b7f9815775af9dfee80a63b4748",
                "shasum": ""
            },
            "require": {
                "laminas/laminas-zendframework-bridge": "^1.0",
                "php": "^5.6 || ^7.0"
            },
            "replace": {
                "zendframework/zend-eventmanager": "self.version"
            },
            "require-dev": {
                "athletic/athletic": "^0.1",
                "container-interop/container-interop": "^1.1.0",
                "laminas/laminas-coding-standard": "~1.0.0",
                "laminas/laminas-stdlib": "^2.7.3 || ^3.0",
                "phpunit/phpunit": "^5.7.27 || ^6.5.8 || ^7.1.2"
            },
            "suggest": {
                "container-interop/container-interop": "^1.1.0, to use the lazy listeners feature",
                "laminas/laminas-stdlib": "^2.7.3 || ^3.0, to use the FilterChain feature"
            },
            "type": "library",
            "extra": {
                "branch-alias": {
                    "dev-master": "3.2-dev",
                    "dev-develop": "3.3-dev"
                }
            },
            "autoload": {
                "psr-4": {
                    "Laminas\\EventManager\\": "src/"
                }
            },
            "notification-url": "https://packagist.org/downloads/",
            "license": [
                "BSD-3-Clause"
            ],
            "description": "Trigger and listen to events within a PHP application",
            "homepage": "https://laminas.dev",
            "keywords": [
                "event",
                "eventmanager",
                "events",
                "laminas"
            ],
            "time": "2019-12-31T16:44:52+00:00"
        },
        {
            "name": "laminas/laminas-hydrator",
            "version": "3.0.2",
            "source": {
                "type": "git",
                "url": "https://github.com/laminas/laminas-hydrator.git",
                "reference": "5c418d6e37ad363bef5ce1c8a72388243d6c7950"
            },
            "dist": {
                "type": "zip",
                "url": "https://api.github.com/repos/laminas/laminas-hydrator/zipball/5c418d6e37ad363bef5ce1c8a72388243d6c7950",
                "reference": "5c418d6e37ad363bef5ce1c8a72388243d6c7950",
                "shasum": ""
            },
            "require": {
                "laminas/laminas-stdlib": "^3.2.1",
                "laminas/laminas-zendframework-bridge": "^1.0",
                "php": "^7.2"
            },
            "replace": {
                "zendframework/zend-hydrator": "self.version"
            },
            "require-dev": {
                "laminas/laminas-coding-standard": "~1.0.0",
                "laminas/laminas-eventmanager": "^3.2.1",
                "laminas/laminas-modulemanager": "^2.8",
                "laminas/laminas-serializer": "^2.9",
                "laminas/laminas-servicemanager": "^3.3.2",
                "phpspec/prophecy": "^1.7.5",
                "phpstan/phpstan": "^0.10.5",
                "phpunit/phpunit": "^7.5"
            },
            "suggest": {
                "laminas/laminas-eventmanager": "^3.2, to support aggregate hydrator usage",
                "laminas/laminas-serializer": "^2.9, to use the SerializableStrategy",
                "laminas/laminas-servicemanager": "^3.3, to support hydrator plugin manager usage"
            },
            "type": "library",
            "extra": {
                "branch-alias": {
                    "dev-release-2.4": "2.4.x-dev",
                    "dev-master": "3.0.x-dev",
                    "dev-develop": "3.1.x-dev"
                },
                "laminas": {
                    "component": "Laminas\\Hydrator",
                    "config-provider": "Laminas\\Hydrator\\ConfigProvider"
                }
            },
            "autoload": {
                "psr-4": {
                    "Laminas\\Hydrator\\": "src/"
                }
            },
            "notification-url": "https://packagist.org/downloads/",
            "license": [
                "BSD-3-Clause"
            ],
            "description": "Serialize objects to arrays, and vice versa",
            "homepage": "https://laminas.dev",
            "keywords": [
                "hydrator",
                "laminas"
            ],
            "time": "2019-12-31T17:06:44+00:00"
        },
        {
            "name": "laminas/laminas-modulemanager",
            "version": "2.8.4",
            "source": {
                "type": "git",
                "url": "https://github.com/laminas/laminas-modulemanager.git",
                "reference": "92b1cde1aab5aef687b863face6dd5d9c6751c78"
            },
            "dist": {
                "type": "zip",
                "url": "https://api.github.com/repos/laminas/laminas-modulemanager/zipball/92b1cde1aab5aef687b863face6dd5d9c6751c78",
                "reference": "92b1cde1aab5aef687b863face6dd5d9c6751c78",
                "shasum": ""
            },
            "require": {
                "laminas/laminas-config": "^3.1 || ^2.6",
                "laminas/laminas-eventmanager": "^3.2 || ^2.6.3",
                "laminas/laminas-stdlib": "^3.1 || ^2.7",
                "laminas/laminas-zendframework-bridge": "^1.0",
                "php": "^5.6 || ^7.0"
            },
            "replace": {
                "zendframework/zend-modulemanager": "self.version"
            },
            "require-dev": {
                "laminas/laminas-coding-standard": "~1.0.0",
                "laminas/laminas-console": "^2.6",
                "laminas/laminas-di": "^2.6",
                "laminas/laminas-loader": "^2.5",
                "laminas/laminas-mvc": "^3.0 || ^2.7",
                "laminas/laminas-servicemanager": "^3.0.3 || ^2.7.5",
                "phpunit/phpunit": "^5.7.27 || ^6.5.14 || ^7.5.16"
            },
            "suggest": {
                "laminas/laminas-console": "Laminas\\Console component",
                "laminas/laminas-loader": "Laminas\\Loader component if you are not using Composer autoloading for your modules",
                "laminas/laminas-mvc": "Laminas\\Mvc component",
                "laminas/laminas-servicemanager": "Laminas\\ServiceManager component"
            },
            "type": "library",
            "extra": {
                "branch-alias": {
                    "dev-master": "2.8.x-dev",
                    "dev-develop": "2.9.x-dev"
                }
            },
            "autoload": {
                "psr-4": {
                    "Laminas\\ModuleManager\\": "src/"
                }
            },
            "notification-url": "https://packagist.org/downloads/",
            "license": [
                "BSD-3-Clause"
            ],
            "description": "Modular application system for laminas-mvc applications",
            "homepage": "https://laminas.dev",
            "keywords": [
                "laminas",
                "modulemanager"
            ],
            "time": "2019-12-31T17:26:56+00:00"
        },
        {
            "name": "laminas/laminas-paginator",
            "version": "2.8.2",
            "source": {
                "type": "git",
                "url": "https://github.com/laminas/laminas-paginator.git",
                "reference": "5e53d927776b2d20e420bc2b289fa0c364a6b0bd"
            },
            "dist": {
                "type": "zip",
                "url": "https://api.github.com/repos/laminas/laminas-paginator/zipball/5e53d927776b2d20e420bc2b289fa0c364a6b0bd",
                "reference": "5e53d927776b2d20e420bc2b289fa0c364a6b0bd",
                "shasum": ""
            },
            "require": {
                "laminas/laminas-stdlib": "^2.7 || ^3.0",
                "laminas/laminas-zendframework-bridge": "^1.0",
                "php": "^7.0 || ^5.6"
            },
            "replace": {
                "zendframework/zend-paginator": "self.version"
            },
            "require-dev": {
                "laminas/laminas-cache": "^2.6.1",
                "laminas/laminas-coding-standard": "~1.0.0",
                "laminas/laminas-config": "^2.6.0",
                "laminas/laminas-db": "^2.9.2",
                "laminas/laminas-filter": "^2.6.1",
                "laminas/laminas-json": "^2.6.1",
                "laminas/laminas-servicemanager": "^2.7.5 || ^3.0.3",
                "laminas/laminas-view": "^2.6.3",
                "phpunit/phpunit": "^6.2.1 || ^5.7.15"
            },
            "suggest": {
                "laminas/laminas-cache": "Laminas\\Cache component to support cache features",
                "laminas/laminas-db": "Laminas\\Db component",
                "laminas/laminas-filter": "Laminas\\Filter component",
                "laminas/laminas-json": "Laminas\\Json component",
                "laminas/laminas-servicemanager": "Laminas\\ServiceManager component",
                "laminas/laminas-view": "Laminas\\View component"
            },
            "type": "library",
            "extra": {
                "branch-alias": {
                    "dev-master": "2.8.x-dev",
                    "dev-develop": "2.9.x-dev"
                },
                "laminas": {
                    "component": "Laminas\\Paginator",
                    "config-provider": "Laminas\\Paginator\\ConfigProvider"
                }
            },
            "autoload": {
                "psr-4": {
                    "Laminas\\Paginator\\": "src/"
                }
            },
            "notification-url": "https://packagist.org/downloads/",
            "license": [
                "BSD-3-Clause"
            ],
            "description": "Paginate collections of data from arbitrary sources",
            "homepage": "https://laminas.dev",
            "keywords": [
                "laminas",
                "paginator"
            ],
            "time": "2019-12-31T17:36:22+00:00"
        },
        {
            "name": "laminas/laminas-stdlib",
            "version": "3.2.1",
            "source": {
                "type": "git",
                "url": "https://github.com/laminas/laminas-stdlib.git",
                "reference": "2b18347625a2f06a1a485acfbc870f699dbe51c6"
            },
            "dist": {
                "type": "zip",
                "url": "https://api.github.com/repos/laminas/laminas-stdlib/zipball/2b18347625a2f06a1a485acfbc870f699dbe51c6",
                "reference": "2b18347625a2f06a1a485acfbc870f699dbe51c6",
                "shasum": ""
            },
            "require": {
                "laminas/laminas-zendframework-bridge": "^1.0",
                "php": "^5.6 || ^7.0"
            },
            "replace": {
                "zendframework/zend-stdlib": "self.version"
            },
            "require-dev": {
                "laminas/laminas-coding-standard": "~1.0.0",
                "phpbench/phpbench": "^0.13",
                "phpunit/phpunit": "^5.7.27 || ^6.5.8 || ^7.1.2"
            },
            "type": "library",
            "extra": {
                "branch-alias": {
                    "dev-master": "3.2.x-dev",
                    "dev-develop": "3.3.x-dev"
                }
            },
            "autoload": {
                "psr-4": {
                    "Laminas\\Stdlib\\": "src/"
                }
            },
            "notification-url": "https://packagist.org/downloads/",
            "license": [
                "BSD-3-Clause"
            ],
            "description": "SPL extensions, array utilities, error handlers, and more",
            "homepage": "https://laminas.dev",
            "keywords": [
                "laminas",
                "stdlib"
            ],
            "time": "2019-12-31T17:51:15+00:00"
        },
        {
            "name": "laminas/laminas-zendframework-bridge",
            "version": "1.0.1",
            "source": {
                "type": "git",
                "url": "https://github.com/laminas/laminas-zendframework-bridge.git",
                "reference": "0fb9675b84a1666ab45182b6c5b29956921e818d"
            },
            "dist": {
                "type": "zip",
                "url": "https://api.github.com/repos/laminas/laminas-zendframework-bridge/zipball/0fb9675b84a1666ab45182b6c5b29956921e818d",
                "reference": "0fb9675b84a1666ab45182b6c5b29956921e818d",
                "shasum": ""
            },
            "require": {
                "php": "^5.6 || ^7.0"
            },
            "require-dev": {
                "phpunit/phpunit": "^5.7 || ^6.5 || ^7.5 || ^8.1",
                "squizlabs/php_codesniffer": "^3.5"
            },
            "type": "library",
            "extra": {
                "branch-alias": {
                    "dev-master": "1.0.x-dev",
                    "dev-develop": "1.1.x-dev"
                },
                "laminas": {
                    "module": "Laminas\\ZendFrameworkBridge"
                }
            },
            "autoload": {
                "files": [
                    "src/autoload.php"
                ],
                "psr-4": {
                    "Laminas\\ZendFrameworkBridge\\": "src//"
                }
            },
            "notification-url": "https://packagist.org/downloads/",
            "license": [
                "BSD-3-Clause"
            ],
            "description": "Alias legacy ZF class names to Laminas Project equivalents.",
            "keywords": [
                "ZendFramework",
                "autoloading",
                "laminas",
                "zf"
            ],
            "time": "2020-01-07T22:58:31+00:00"
        },
        {
            "name": "paragonie/random_compat",
            "version": "v2.0.18",
            "source": {
                "type": "git",
                "url": "https://github.com/paragonie/random_compat.git",
                "reference": "0a58ef6e3146256cc3dc7cc393927bcc7d1b72db"
            },
            "dist": {
                "type": "zip",
                "url": "https://api.github.com/repos/paragonie/random_compat/zipball/0a58ef6e3146256cc3dc7cc393927bcc7d1b72db",
                "reference": "0a58ef6e3146256cc3dc7cc393927bcc7d1b72db",
                "shasum": ""
            },
            "require": {
                "php": ">=5.2.0"
            },
            "require-dev": {
                "phpunit/phpunit": "4.*|5.*"
            },
            "suggest": {
                "ext-libsodium": "Provides a modern crypto API that can be used to generate random bytes."
            },
            "type": "library",
            "autoload": {
                "files": [
                    "lib/random.php"
                ]
            },
            "notification-url": "https://packagist.org/downloads/",
            "license": [
                "MIT"
            ],
            "authors": [
                {
                    "name": "Paragon Initiative Enterprises",
                    "email": "security@paragonie.com",
                    "homepage": "https://paragonie.com"
                }
            ],
            "description": "PHP 5.x polyfill for random_bytes() and random_int() from PHP 7",
            "keywords": [
                "csprng",
                "polyfill",
                "pseudorandom",
                "random"
            ],
            "time": "2019-01-03T20:59:08+00:00"
        },
        {
            "name": "psr/container",
            "version": "1.0.0",
            "source": {
                "type": "git",
                "url": "https://github.com/php-fig/container.git",
                "reference": "b7ce3b176482dbbc1245ebf52b181af44c2cf55f"
            },
            "dist": {
                "type": "zip",
                "url": "https://api.github.com/repos/php-fig/container/zipball/b7ce3b176482dbbc1245ebf52b181af44c2cf55f",
                "reference": "b7ce3b176482dbbc1245ebf52b181af44c2cf55f",
                "shasum": ""
            },
            "require": {
                "php": ">=5.3.0"
            },
            "type": "library",
            "extra": {
                "branch-alias": {
                    "dev-master": "1.0.x-dev"
                }
            },
            "autoload": {
                "psr-4": {
                    "Psr\\Container\\": "src/"
                }
            },
            "notification-url": "https://packagist.org/downloads/",
            "license": [
                "MIT"
            ],
            "authors": [
                {
                    "name": "PHP-FIG",
                    "homepage": "http://www.php-fig.org/"
                }
            ],
            "description": "Common Container Interface (PHP FIG PSR-11)",
            "homepage": "https://github.com/php-fig/container",
            "keywords": [
                "PSR-11",
                "container",
                "container-interface",
                "container-interop",
                "psr"
            ],
            "time": "2017-02-14T16:28:37+00:00"
        },
        {
            "name": "ramsey/uuid",
            "version": "2.9.0",
            "source": {
                "type": "git",
                "url": "https://github.com/ramsey/uuid.git",
                "reference": "b2ef4dd9584268d73f92f752a62bc24cd534dc9a"
            },
            "dist": {
                "type": "zip",
                "url": "https://api.github.com/repos/ramsey/uuid/zipball/b2ef4dd9584268d73f92f752a62bc24cd534dc9a",
                "reference": "b2ef4dd9584268d73f92f752a62bc24cd534dc9a",
                "shasum": ""
            },
            "require": {
                "paragonie/random_compat": "^1.0|^2.0",
                "php": ">=5.3.3"
            },
            "replace": {
                "rhumsaa/uuid": "self.version"
            },
            "require-dev": {
                "doctrine/dbal": ">=2.3",
                "jakub-onderka/php-parallel-lint": "^0.9.0",
                "moontoast/math": "~1.1",
                "phpunit/phpunit": "~4.1|~5.0",
                "satooshi/php-coveralls": "~0.6",
                "squizlabs/php_codesniffer": "^2.3",
                "symfony/console": "~2.3|~3.0"
            },
            "suggest": {
                "doctrine/dbal": "Allow the use of a UUID as doctrine field type.",
                "moontoast/math": "Support for converting UUID to 128-bit integer (in string form).",
                "symfony/console": "Support for use of the bin/uuid command line tool."
            },
            "bin": [
                "bin/uuid"
            ],
            "type": "library",
            "autoload": {
                "psr-4": {
                    "Rhumsaa\\Uuid\\": "src/"
                }
            },
            "notification-url": "https://packagist.org/downloads/",
            "license": [
                "MIT"
            ],
            "authors": [
                {
                    "name": "Ben Ramsey",
                    "homepage": "http://benramsey.com"
                },
                {
                    "name": "Marijn Huizendveld",
                    "email": "marijn.huizendveld@gmail.com"
                }
            ],
            "description": "A PHP 5.3+ library for generating RFC 4122 version 1, 3, 4, and 5 universally unique identifiers (UUID).",
            "homepage": "https://github.com/ramsey/uuid",
            "keywords": [
                "guid",
                "identifier",
                "uuid"
            ],
            "time": "2016-03-22T18:20:19+00:00"
        }
    ],
    "packages-dev": [],
    "aliases": [],
    "minimum-stability": "stable",
    "stability-flags": [],
    "prefer-stable": false,
    "prefer-lowest": false,
    "platform": [],
    "platform-dev": []
}
